
Microsoft Visual Studio Solution File, Format Version 12.00
Project("{2150E333-8FDC-42A3-9474-1A3956D46DE8}") = "Core", "Core", "{7E4AAFB3-9762-4F42-86DF-5A3194FDC243}"
EndProject
Project("{FAE04EC0-301F-11D3-BF4B-00C04F79EFBC}") = "HopFrame.Core", "src\HopFrame.Core\HopFrame.Core.csproj", "{4BFE21C2-EAAC-4662-8B97-500836651B2A}"
EndProject
Project("{FAE04EC0-301F-11D3-BF4B-00C04F79EFBC}") = "HopFrame.Web", "src\HopFrame.Web\HopFrame.Web.csproj", "{8E59F398-184A-47C9-AAA2-3E0FFD775ABF}"
EndProject
Project("{2150E333-8FDC-42A3-9474-1A3956D46DE8}") = "Testing", "Testing", "{9EB7FDBD-49C2-4872-9666-6F7AEBA541B2}"
EndProject
Project("{FAE04EC0-301F-11D3-BF4B-00C04F79EFBC}") = "HopFrame.Testing", "testing\HopFrame.Testing\HopFrame.Testing.csproj", "{58490069-51DF-454C-8B54-7FB7D4BDFF81}"
EndProject
Global
	GlobalSection(SolutionConfigurationPlatforms) = preSolution
		Debug|Any CPU = Debug|Any CPU
		Release|Any CPU = Release|Any CPU
	EndGlobalSection
	GlobalSection(NestedProjects) = preSolution
		{4BFE21C2-EAAC-4662-8B97-500836651B2A} = {7E4AAFB3-9762-4F42-86DF-5A3194FDC243}
		{8E59F398-184A-47C9-AAA2-3E0FFD775ABF} = {7E4AAFB3-9762-4F42-86DF-5A3194FDC243}
		{58490069-51DF-454C-8B54-7FB7D4BDFF81} = {9EB7FDBD-49C2-4872-9666-6F7AEBA541B2}
	EndGlobalSection
	GlobalSection(ProjectConfigurationPlatforms) = postSolution
		{4BFE21C2-EAAC-4662-8B97-500836651B2A}.Debug|Any CPU.ActiveCfg = Debug|Any CPU
		{4BFE21C2-EAAC-4662-8B97-500836651B2A}.Debug|Any CPU.Build.0 = Debug|Any CPU
		{4BFE21C2-EAAC-4662-8B97-500836651B2A}.Release|Any CPU.ActiveCfg = Release|Any CPU
		{4BFE21C2-EAAC-4662-8B97-500836651B2A}.Release|Any CPU.Build.0 = Release|Any CPU
		{8E59F398-184A-47C9-AAA2-3E0FFD775ABF}.Debug|Any CPU.ActiveCfg = Debug|Any CPU
		{8E59F398-184A-47C9-AAA2-3E0FFD775ABF}.Debug|Any CPU.Build.0 = Debug|Any CPU
		{8E59F398-184A-47C9-AAA2-3E0FFD775ABF}.Release|Any CPU.ActiveCfg = Release|Any CPU
		{8E59F398-184A-47C9-AAA2-3E0FFD775ABF}.Release|Any CPU.Build.0 = Release|Any CPU
		{58490069-51DF-454C-8B54-7FB7D4BDFF81}.Debug|Any CPU.ActiveCfg = Debug|Any CPU
		{58490069-51DF-454C-8B54-7FB7D4BDFF81}.Debug|Any CPU.Build.0 = Debug|Any CPU
		{58490069-51DF-454C-8B54-7FB7D4BDFF81}.Release|Any CPU.ActiveCfg = Release|Any CPU
		{58490069-51DF-454C-8B54-7FB7D4BDFF81}.Release|Any CPU.Build.0 = Release|Any CPU
	EndGlobalSection
EndGlobal
