<Solution>
  <Folder Name="/debug/">
    <Project Path="debug/TestApplication.Api/TestApplication.Api.csproj" />
    <Project Path="debug/TestApplication.Web/TestApplication.Web.csproj" />
  </Folder>
  <Folder Name="/src/">
    <Project Path="src/HopFrame.Core/HopFrame.Core.csproj" />
    <Project Path="src/HopFrame.Web/HopFrame.Web.csproj" />
  </Folder>
  <Folder Name="/tests/">
    <Project Path="tests/HopFrame.Tests.Core/HopFrame.Tests.Core.csproj" />
    <Project Path="tests/HopFrame.Tests.Web/HopFrame.Tests.Web.csproj" />
  </Folder>
</Solution>
