<Solution>
  <Folder Name="/debug/">
    <Project Path="debug/TestApplication/TestApplication.csproj" />
  </Folder>
  <Folder Name="/src/">
    <Project Path="src/HopFrame.Core/HopFrame.Core.csproj" />
    <Project Path="src/HopFrame.Web/HopFrame.Web.csproj" />
  </Folder>
  <Folder Name="/tests/">
    <Project Path="tests/HopFrame.Tests.Core/HopFrame.Tests.Core.csproj" />
  </Folder>
</Solution>
