
Microsoft Visual Studio Solution File, Format Version 12.00
Project("{FAE04EC0-301F-11D3-BF4B-00C04F79EFBC}") = "HopFrame.Database", "src\HopFrame.Database\HopFrame.Database.csproj", "{003120AE-F38B-4632-8497-BE4505189627}"
EndProject
Project("{FAE04EC0-301F-11D3-BF4B-00C04F79EFBC}") = "RestApiTest", "test\RestApiTest\RestApiTest.csproj", "{921159CE-AF75-44C3-A3F9-6B9B1A4E85CF}"
EndProject
Project("{FAE04EC0-301F-11D3-BF4B-00C04F79EFBC}") = "HopFrame.Security", "src\HopFrame.Security\HopFrame.Security.csproj", "{7F82E1C6-4A42-4337-9E03-2EE6429D004F}"
EndProject
Project("{FAE04EC0-301F-11D3-BF4B-00C04F79EFBC}") = "HopFrame.Api", "src\HopFrame.Api\HopFrame.Api.csproj", "{1E821490-AEDC-4F55-B758-52F4FADAB53A}"
EndProject
Project("{FAE04EC0-301F-11D3-BF4B-00C04F79EFBC}") = "HopFrame.Web", "src\HopFrame.Web\HopFrame.Web.csproj", "{3BE585BC-13A5-4BE4-A806-E9EC2D825956}"
EndProject
Project("{FAE04EC0-301F-11D3-BF4B-00C04F79EFBC}") = "FrontendTest", "test\FrontendTest\FrontendTest.csproj", "{8F983A37-63CF-48D5-988D-58B78EF8AECD}"
EndProject
Project("{FAE04EC0-301F-11D3-BF4B-00C04F79EFBC}") = "HopFrame.Web.Admin", "src\HopFrame.Web.Admin\HopFrame.Web.Admin.csproj", "{02D9F10A-664A-4EF7-BF19-310C26FF4DEB}"
EndProject
Global
	GlobalSection(SolutionConfigurationPlatforms) = preSolution
		Debug|Any CPU = Debug|Any CPU
		Release|Any CPU = Release|Any CPU
	EndGlobalSection
	GlobalSection(ProjectConfigurationPlatforms) = postSolution
		{003120AE-F38B-4632-8497-BE4505189627}.Debug|Any CPU.ActiveCfg = Debug|Any CPU
		{003120AE-F38B-4632-8497-BE4505189627}.Debug|Any CPU.Build.0 = Debug|Any CPU
		{003120AE-F38B-4632-8497-BE4505189627}.Release|Any CPU.ActiveCfg = Release|Any CPU
		{003120AE-F38B-4632-8497-BE4505189627}.Release|Any CPU.Build.0 = Release|Any CPU
		{921159CE-AF75-44C3-A3F9-6B9B1A4E85CF}.Debug|Any CPU.ActiveCfg = Debug|Any CPU
		{921159CE-AF75-44C3-A3F9-6B9B1A4E85CF}.Debug|Any CPU.Build.0 = Debug|Any CPU
		{921159CE-AF75-44C3-A3F9-6B9B1A4E85CF}.Release|Any CPU.ActiveCfg = Release|Any CPU
		{921159CE-AF75-44C3-A3F9-6B9B1A4E85CF}.Release|Any CPU.Build.0 = Release|Any CPU
		{7F82E1C6-4A42-4337-9E03-2EE6429D004F}.Debug|Any CPU.ActiveCfg = Debug|Any CPU
		{7F82E1C6-4A42-4337-9E03-2EE6429D004F}.Debug|Any CPU.Build.0 = Debug|Any CPU
		{7F82E1C6-4A42-4337-9E03-2EE6429D004F}.Release|Any CPU.ActiveCfg = Release|Any CPU
		{7F82E1C6-4A42-4337-9E03-2EE6429D004F}.Release|Any CPU.Build.0 = Release|Any CPU
		{1E821490-AEDC-4F55-B758-52F4FADAB53A}.Debug|Any CPU.ActiveCfg = Debug|Any CPU
		{1E821490-AEDC-4F55-B758-52F4FADAB53A}.Debug|Any CPU.Build.0 = Debug|Any CPU
		{1E821490-AEDC-4F55-B758-52F4FADAB53A}.Release|Any CPU.ActiveCfg = Release|Any CPU
		{1E821490-AEDC-4F55-B758-52F4FADAB53A}.Release|Any CPU.Build.0 = Release|Any CPU
		{3BE585BC-13A5-4BE4-A806-E9EC2D825956}.Debug|Any CPU.ActiveCfg = Debug|Any CPU
		{3BE585BC-13A5-4BE4-A806-E9EC2D825956}.Debug|Any CPU.Build.0 = Debug|Any CPU
		{3BE585BC-13A5-4BE4-A806-E9EC2D825956}.Release|Any CPU.ActiveCfg = Release|Any CPU
		{3BE585BC-13A5-4BE4-A806-E9EC2D825956}.Release|Any CPU.Build.0 = Release|Any CPU
		{8F983A37-63CF-48D5-988D-58B78EF8AECD}.Debug|Any CPU.ActiveCfg = Debug|Any CPU
		{8F983A37-63CF-48D5-988D-58B78EF8AECD}.Debug|Any CPU.Build.0 = Debug|Any CPU
		{8F983A37-63CF-48D5-988D-58B78EF8AECD}.Release|Any CPU.ActiveCfg = Release|Any CPU
		{8F983A37-63CF-48D5-988D-58B78EF8AECD}.Release|Any CPU.Build.0 = Release|Any CPU
		{02D9F10A-664A-4EF7-BF19-310C26FF4DEB}.Debug|Any CPU.ActiveCfg = Debug|Any CPU
		{02D9F10A-664A-4EF7-BF19-310C26FF4DEB}.Debug|Any CPU.Build.0 = Debug|Any CPU
		{02D9F10A-664A-4EF7-BF19-310C26FF4DEB}.Release|Any CPU.ActiveCfg = Release|Any CPU
		{02D9F10A-664A-4EF7-BF19-310C26FF4DEB}.Release|Any CPU.Build.0 = Release|Any CPU
	EndGlobalSection
	GlobalSection(NestedProjects) = preSolution
	EndGlobalSection
EndGlobal
